// !$*UTF8*$!
{
	archiveVersion = 1;
	classes = {
	};
	objectVersion = 77;
	objects = {

/* Begin PBXBuildFile section */
		D1A877A62DD54A560041E5B3 /* FirebaseAuth in Frameworks */ = {isa = PBXBuildFile; productRef = D1A877A52DD54A560041E5B3 /* FirebaseAuth */; };
		D1A877A82DD54A560041E5B3 /* FirebaseFirestore in Frameworks */ = {isa = PBXBuildFile; productRef = D1A877A72DD54A560041E5B3 /* FirebaseFirestore */; };
		D1A877AB2DD54A6C0041E5B3 /* DGCharts in Frameworks */ = {isa = PBXBuildFile; productRef = D1A877AA2DD54A6C0041E5B3 /* DGCharts */; };
		D1A877E52DD54E8E0041E5B3 /* GoogleService-Info.plist in Resources */ = {isa = PBXBuildFile; fileRef = D1A877E42DD54E8E0041E5B3 /* GoogleService-Info.plist */; };
/* End PBXBuildFile section */

/* Begin PBXFileReference section */
		D1A877772DD549470041E5B3 /* SmartShopLists.app */ = {isa = PBXFileReference; explicitFileType = wrapper.application; includeInIndex = 0; path = SmartShopLists.app; sourceTree = BUILT_PRODUCTS_DIR; };
		D1A877E02DD54DA10041E5B3 /* ShoppingListEntity+CoreDataClass.swift.swift */ = {isa = PBXFileReference; lastKnownFileType = sourcecode.swift; path = "ShoppingListEntity+CoreDataClass.swift.swift"; sourceTree = "<group>"; };
		D1A877E12DD54DB40041E5B3 /* ShoppingListEntity+CoreDataProperties.swift */ = {isa = PBXFileReference; lastKnownFileType = sourcecode.swift; path = "ShoppingListEntity+CoreDataProperties.swift"; sourceTree = "<group>"; };
		D1A877E22DD54DC30041E5B3 /* ProductEntity+CoreDataClass.swift */ = {isa = PBXFileReference; lastKnownFileType = sourcecode.swift; path = "ProductEntity+CoreDataClass.swift"; sourceTree = "<group>"; };
		D1A877E32DD54DCF0041E5B3 /* ProductEntity+CoreDataProperties.swift */ = {isa = PBXFileReference; lastKnownFileType = sourcecode.swift; path = "ProductEntity+CoreDataProperties.swift"; sourceTree = "<group>"; };
		D1A877E42DD54E8E0041E5B3 /* GoogleService-Info.plist */ = {isa = PBXFileReference; lastKnownFileType = text.plist.xml; path = "GoogleService-Info.plist"; sourceTree = "<group>"; };
/* End PBXFileReference section */

/* Begin PBXFileSystemSynchronizedBuildFileExceptionSet section */
		D1A8778C2DD549480041E5B3 /* Exceptions for "SmartShopLists" folder in "SmartShopLists" target */ = {
			isa = PBXFileSystemSynchronizedBuildFileExceptionSet;
			membershipExceptions = (
				Info.plist,
			);
			target = D1A877762DD549470041E5B3 /* SmartShopLists */;
		};
/* End PBXFileSystemSynchronizedBuildFileExceptionSet section */

/* Begin PBXFileSystemSynchronizedRootGroup section */
		D1A877792DD549470041E5B3 /* SmartShopLists */ = {
			isa = PBXFileSystemSynchronizedRootGroup;
			exceptions = (
				D1A8778C2DD549480041E5B3 /* Exceptions for "SmartShopLists" folder in "SmartShopLists" target */,
			);
			path = SmartShopLists;
			sourceTree = "<group>";
		};
/* End PBXFileSystemSynchronizedRootGroup section */

/* Begin PBXFrameworksBuildPhase section */
		D1A877742DD549470041E5B3 /* Frameworks */ = {
			isa = PBXFrameworksBuildPhase;
			buildActionMask = 2147483647;
			files = (
				D1A877A62DD54A560041E5B3 /* FirebaseAuth in Frameworks */,
				D1A877AB2DD54A6C0041E5B3 /* DGCharts in Frameworks */,
				D1A877A82DD54A560041E5B3 /* FirebaseFirestore in Frameworks */,
			);
			runOnlyForDeploymentPostprocessing = 0;
		};
/* End PBXFrameworksBuildPhase section */

/* Begin PBXGroup section */
		D1A8776E2DD549470041E5B3 = {
			isa = PBXGroup;
			children = (
				D1A877E42DD54E8E0041E5B3 /* GoogleService-Info.plist */,
				D1A877DB2DD54CA20041E5B3 /* Models */,
				D1A877792DD549470041E5B3 /* SmartShopLists */,
				D1A877782DD549470041E5B3 /* Products */,
			);
			sourceTree = "<group>";
		};
		D1A877782DD549470041E5B3 /* Products */ = {
			isa = PBXGroup;
			children = (
				D1A877772DD549470041E5B3 /* SmartShopLists.app */,
			);
			name = Products;
			sourceTree = "<group>";
		};
		D1A877DB2DD54CA20041E5B3 /* Models */ = {
			isa = PBXGroup;
			children = (
				D1A877E32DD54DCF0041E5B3 /* ProductEntity+CoreDataProperties.swift */,
				D1A877E22DD54DC30041E5B3 /* ProductEntity+CoreDataClass.swift */,
				D1A877E12DD54DB40041E5B3 /* ShoppingListEntity+CoreDataProperties.swift */,
				D1A877E02DD54DA10041E5B3 /* ShoppingListEntity+CoreDataClass.swift.swift */,
			);
			path = Models;
			sourceTree = "<group>";
		};
/* End PBXGroup section */

/* Begin PBXNativeTarget section */
		D1A877762DD549470041E5B3 /* SmartShopLists */ = {
			isa = PBXNativeTarget;
			buildConfigurationList = D1A8778D2DD549480041E5B3 /* Build configuration list for PBXNativeTarget "SmartShopLists" */;
			buildPhases = (
				D1A877732DD549470041E5B3 /* Sources */,
				D1A877742DD549470041E5B3 /* Frameworks */,
				D1A877752DD549470041E5B3 /* Resources */,
			);
			buildRules = (
			);
			dependencies = (
			);
			fileSystemSynchronizedGroups = (
				D1A877792DD549470041E5B3 /* SmartShopLists */,
			);
			name = SmartShopLists;
			packageProductDependencies = (
				D1A877A52DD54A560041E5B3 /* FirebaseAuth */,
				D1A877A72DD54A560041E5B3 /* FirebaseFirestore */,
				D1A877AA2DD54A6C0041E5B3 /* DGCharts */,
			);
			productName = SmartShopLists;
			productReference = D1A877772DD549470041E5B3 /* SmartShopLists.app */;
			productType = "com.apple.product-type.application";
		};
/* End PBXNativeTarget section */

/* Begin PBXProject section */
		D1A8776F2DD549470041E5B3 /* Project object */ = {
			isa = PBXProject;
			attributes = {
				BuildIndependentTargetsInParallel = 1;
				LastSwiftUpdateCheck = 1630;
				LastUpgradeCheck = 1630;
				TargetAttributes = {
					D1A877762DD549470041E5B3 = {
						CreatedOnToolsVersion = 16.3;
					};
				};
			};
			buildConfigurationList = D1A877722DD549470041E5B3 /* Build configuration list for PBXProject "SmartShopLists" */;
			developmentRegion = en;
			hasScannedForEncodings = 0;
			knownRegions = (
				en,
				Base,
			);
			mainGroup = D1A8776E2DD549470041E5B3;
			minimizedProjectReferenceProxies = 1;
			packageReferences = (
				D1A877A42DD54A560041E5B3 /* XCRemoteSwiftPackageReference "firebase-ios-sdk" */,
				D1A877A92DD54A6C0041E5B3 /* XCRemoteSwiftPackageReference "Charts" */,
			);
			preferredProjectObjectVersion = 77;
			productRefGroup = D1A877782DD549470041E5B3 /* Products */;
			projectDirPath = "";
			projectRoot = "";
			targets = (
				D1A877762DD549470041E5B3 /* SmartShopLists */,
			);
		};
/* End PBXProject section */

/* Begin PBXResourcesBuildPhase section */
		D1A877752DD549470041E5B3 /* Resources */ = {
			isa = PBXResourcesBuildPhase;
			buildActionMask = 2147483647;
			files = (
				D1A877E52DD54E8E0041E5B3 /* GoogleService-Info.plist in Resources */,
			);
			runOnlyForDeploymentPostprocessing = 0;
		};
/* End PBXResourcesBuildPhase section */

/* Begin PBXSourcesBuildPhase section */
		D1A877732DD549470041E5B3 /* Sources */ = {
			isa = PBXSourcesBuildPhase;
			buildActionMask = 2147483647;
			files = (
			);
			runOnlyForDeploymentPostprocessing = 0;
		};
/* End PBXSourcesBuildPhase section */

/* Begin XCBuildConfiguration section */
		D1A8778E2DD549480041E5B3 /* Debug */ = {
			isa = XCBuildConfiguration;
			buildSettings = {
				ASSETCATALOG_COMPILER_APPICON_NAME = AppIcon;
				ASSETCATALOG_COMPILER_GLOBAL_ACCENT_COLOR_NAME = AccentColor;
				CODE_SIGN_STYLE = Automatic;
				CURRENT_PROJECT_VERSION = 1;
				DEVELOPMENT_TEAM = G6P3833ZJ3;
				GENERATE_INFOPLIST_FILE = YES;
				INFOPLIST_FILE = SmartShopLists/Info.plist;
				INFOPLIST_KEY_NSCameraUsageDescription = "Barkod tarama için kamera erişimi gerekiyor.";
				INFOPLIST_KEY_NSLocationAlwaysAndWhenInUseUsageDescription = "Konumunuz, arka planda market hatırlatıcıları göndermek için kullanılabilir.";
				INFOPLIST_KEY_NSLocationWhenInUseUsageDescription = "Konumunuz, yakınınızdaki marketleri bulmak ve hatırlatıcılar göndermek için kullanılır.";
				INFOPLIST_KEY_UIApplicationSupportsIndirectInputEvents = YES;
				INFOPLIST_KEY_UILaunchStoryboardName = LaunchScreen;
				INFOPLIST_KEY_UISupportedInterfaceOrientations_iPad = "UIInterfaceOrientationPortrait UIInterfaceOrientationPortraitUpsideDown UIInterfaceOrientationLandscapeLeft UIInterfaceOrientationLandscapeRight";
				INFOPLIST_KEY_UISupportedInterfaceOrientations_iPhone = "UIInterfaceOrientationPortrait UIInterfaceOrientationLandscapeLeft UIInterfaceOrientationLandscapeRight";
				LD_RUNPATH_SEARCH_PATHS = (
					"$(inherited)",
					"@executable_path/Frameworks",
				);
				MARKETING_VERSION = 1.0;
				PRODUCT_BUNDLE_IDENTIFIER = com.haydemir.SmartShopLists;
				PRODUCT_NAME = "$(TARGET_NAME)";
				SWIFT_EMIT_LOC_STRINGS = YES;
				SWIFT_VERSION = 5.0;
				TARGETED_DEVICE_FAMILY = "1,2";
			};
			name = Debug;
		};
		D1A8778F2DD549480041E5B3 /* Release */ = {
			isa = XCBuildConfiguration;
			buildSettings = {
				ASSETCATALOG_COMPILER_APPICON_NAME = AppIcon;
				ASSETCATALOG_COMPILER_GLOBAL_ACCENT_COLOR_NAME = AccentColor;
				CODE_SIGN_STYLE = Automatic;
				CURRENT_PROJECT_VERSION = 1;
				DEVELOPMENT_TEAM = G6P3833ZJ3;
				GENERATE_INFOPLIST_FILE = YES;
				INFOPLIST_FILE = SmartShopLists/Info.plist;
				INFOPLIST_KEY_NSCameraUsageDescription = "Barkod tarama için kamera erişimi gerekiyor.";
				INFOPLIST_KEY_NSLocationAlwaysAndWhenInUseUsageDescription = "Konumunuz, arka planda market hatırlatıcıları göndermek için kullanılabilir.";
				INFOPLIST_KEY_NSLocationWhenInUseUsageDescription = "Konumunuz, yakınınızdaki marketleri bulmak ve hatırlatıcılar göndermek için kullanılır.";
				INFOPLIST_KEY_UIApplicationSupportsIndirectInputEvents = YES;
				INFOPLIST_KEY_UILaunchStoryboardName = LaunchScreen;
				INFOPLIST_KEY_UISupportedInterfaceOrientations_iPad = "UIInterfaceOrientationPortrait UIInterfaceOrientationPortraitUpsideDown UIInterfaceOrientationLandscapeLeft UIInterfaceOrientationLandscapeRight";
				INFOPLIST_KEY_UISupportedInterfaceOrientations_iPhone = "UIInterfaceOrientationPortrait UIInterfaceOrientationLandscapeLeft UIInterfaceOrientationLandscapeRight";
				LD_RUNPATH_SEARCH_PATHS = (
					"$(inherited)",
					"@executable_path/Frameworks",
				);
				MARKETING_VERSION = 1.0;
				PRODUCT_BUNDLE_IDENTIFIER = com.haydemir.SmartShopLists;
				PRODUCT_NAME = "$(TARGET_NAME)";
				SWIFT_EMIT_LOC_STRINGS = YES;
				SWIFT_VERSION = 5.0;
				TARGETED_DEVICE_FAMILY = "1,2";
			};
			name = Release;
		};
		D1A877902DD549480041E5B3 /* Debug */ = {
			isa = XCBuildConfiguration;
			buildSettings = {
				ALWAYS_SEARCH_USER_PATHS = NO;
				ASSETCATALOG_COMPILER_GENERATE_SWIFT_ASSET_SYMBOL_EXTENSIONS = YES;
				CLANG_ANALYZER_NONNULL = YES;
				CLANG_ANALYZER_NUMBER_OBJECT_CONVERSION = YES_AGGRESSIVE;
				CLANG_CXX_LANGUAGE_STANDARD = "gnu++20";
				CLANG_ENABLE_MODULES = YES;
				CLANG_ENABLE_OBJC_ARC = YES;
				CLANG_ENABLE_OBJC_WEAK = YES;
				CLANG_WARN_BLOCK_CAPTURE_AUTORELEASING = YES;
				CLANG_WARN_BOOL_CONVERSION = YES;
				CLANG_WARN_COMMA = YES;
				CLANG_WARN_CONSTANT_CONVERSION = YES;
				CLANG_WARN_DEPRECATED_OBJC_IMPLEMENTATIONS = YES;
				CLANG_WARN_DIRECT_OBJC_ISA_USAGE = YES_ERROR;
				CLANG_WARN_DOCUMENTATION_COMMENTS = YES;
				CLANG_WARN_EMPTY_BODY = YES;
				CLANG_WARN_ENUM_CONVERSION = YES;
				CLANG_WARN_INFINITE_RECURSION = YES;
				CLANG_WARN_INT_CONVERSION = YES;
				CLANG_WARN_NON_LITERAL_NULL_CONVERSION = YES;
				CLANG_WARN_OBJC_IMPLICIT_RETAIN_SELF = YES;
				CLANG_WARN_OBJC_LITERAL_CONVERSION = YES;
				CLANG_WARN_OBJC_ROOT_CLASS = YES_ERROR;
				CLANG_WARN_QUOTED_INCLUDE_IN_FRAMEWORK_HEADER = YES;
				CLANG_WARN_RANGE_LOOP_ANALYSIS = YES;
				CLANG_WARN_STRICT_PROTOTYPES = YES;
				CLANG_WARN_SUSPICIOUS_MOVE = YES;
				CLANG_WARN_UNGUARDED_AVAILABILITY = YES_AGGRESSIVE;
				CLANG_WARN_UNREACHABLE_CODE = YES;
				CLANG_WARN__DUPLICATE_METHOD_MATCH = YES;
				COPY_PHASE_STRIP = NO;
				DEBUG_INFORMATION_FORMAT = dwarf;
				DEVELOPMENT_TEAM = G6P3833ZJ3;
				ENABLE_STRICT_OBJC_MSGSEND = YES;
				ENABLE_TESTABILITY = YES;
				ENABLE_USER_SCRIPT_SANDBOXING = YES;
				GCC_C_LANGUAGE_STANDARD = gnu17;
				GCC_DYNAMIC_NO_PIC = NO;
				GCC_NO_COMMON_BLOCKS = YES;
				GCC_OPTIMIZATION_LEVEL = 0;
				GCC_PREPROCESSOR_DEFINITIONS = (
					"DEBUG=1",
					"$(inherited)",
				);
				GCC_WARN_64_TO_32_BIT_CONVERSION = YES;
				GCC_WARN_ABOUT_RETURN_TYPE = YES_ERROR;
				GCC_WARN_UNDECLARED_SELECTOR = YES;
				GCC_WARN_UNINITIALIZED_AUTOS = YES_AGGRESSIVE;
				GCC_WARN_UNUSED_FUNCTION = YES;
				GCC_WARN_UNUSED_VARIABLE = YES;
				IPHONEOS_DEPLOYMENT_TARGET = 18.4;
				LOCALIZATION_PREFERS_STRING_CATALOGS = YES;
				MTL_ENABLE_DEBUG_INFO = INCLUDE_SOURCE;
				MTL_FAST_MATH = YES;
				ONLY_ACTIVE_ARCH = YES;
				SDKROOT = iphoneos;
				SWIFT_ACTIVE_COMPILATION_CONDITIONS = "DEBUG $(inherited)";
				SWIFT_OPTIMIZATION_LEVEL = "-Onone";
			};
			name = Debug;
		};
		D1A877912DD549480041E5B3 /* Release */ = {
			isa = XCBuildConfiguration;
			buildSettings = {
				ALWAYS_SEARCH_USER_PATHS = NO;
				ASSETCATALOG_COMPILER_GENERATE_SWIFT_ASSET_SYMBOL_EXTENSIONS = YES;
				CLANG_ANALYZER_NONNULL = YES;
				CLANG_ANALYZER_NUMBER_OBJECT_CONVERSION = YES_AGGRESSIVE;
				CLANG_CXX_LANGUAGE_STANDARD = "gnu++20";
				CLANG_ENABLE_MODULES = YES;
				CLANG_ENABLE_OBJC_ARC = YES;
				CLANG_ENABLE_OBJC_WEAK = YES;
				CLANG_WARN_BLOCK_CAPTURE_AUTORELEASING = YES;
				CLANG_WARN_BOOL_CONVERSION = YES;
				CLANG_WARN_COMMA = YES;
				CLANG_WARN_CONSTANT_CONVERSION = YES;
				CLANG_WARN_DEPRECATED_OBJC_IMPLEMENTATIONS = YES;
				CLANG_WARN_DIRECT_OBJC_ISA_USAGE = YES_ERROR;
				CLANG_WARN_DOCUMENTATION_COMMENTS = YES;
				CLANG_WARN_EMPTY_BODY = YES;
				CLANG_WARN_ENUM_CONVERSION = YES;
				CLANG_WARN_INFINITE_RECURSION = YES;
				CLANG_WARN_INT_CONVERSION = YES;
				CLANG_WARN_NON_LITERAL_NULL_CONVERSION = YES;
				CLANG_WARN_OBJC_IMPLICIT_RETAIN_SELF = YES;
				CLANG_WARN_OBJC_LITERAL_CONVERSION = YES;
				CLANG_WARN_OBJC_ROOT_CLASS = YES_ERROR;
				CLANG_WARN_QUOTED_INCLUDE_IN_FRAMEWORK_HEADER = YES;
				CLANG_WARN_RANGE_LOOP_ANALYSIS = YES;
				CLANG_WARN_STRICT_PROTOTYPES = YES;
				CLANG_WARN_SUSPICIOUS_MOVE = YES;
				CLANG_WARN_UNGUARDED_AVAILABILITY = YES_AGGRESSIVE;
				CLANG_WARN_UNREACHABLE_CODE = YES;
				CLANG_WARN__DUPLICATE_METHOD_MATCH = YES;
				COPY_PHASE_STRIP = NO;
				DEBUG_INFORMATION_FORMAT = "dwarf-with-dsym";
				DEVELOPMENT_TEAM = G6P3833ZJ3;
				ENABLE_NS_ASSERTIONS = NO;
				ENABLE_STRICT_OBJC_MSGSEND = YES;
				ENABLE_USER_SCRIPT_SANDBOXING = YES;
				GCC_C_LANGUAGE_STANDARD = gnu17;
				GCC_NO_COMMON_BLOCKS = YES;
				GCC_WARN_64_TO_32_BIT_CONVERSION = YES;
				GCC_WARN_ABOUT_RETURN_TYPE = YES_ERROR;
				GCC_WARN_UNDECLARED_SELECTOR = YES;
				GCC_WARN_UNINITIALIZED_AUTOS = YES_AGGRESSIVE;
				GCC_WARN_UNUSED_FUNCTION = YES;
				GCC_WARN_UNUSED_VARIABLE = YES;
				IPHONEOS_DEPLOYMENT_TARGET = 18.4;
				LOCALIZATION_PREFERS_STRING_CATALOGS = YES;
				MTL_ENABLE_DEBUG_INFO = NO;
				MTL_FAST_MATH = YES;
				SDKROOT = iphoneos;
				SWIFT_COMPILATION_MODE = wholemodule;
				VALIDATE_PRODUCT = YES;
			};
			name = Release;
		};
/* End XCBuildConfiguration section */

/* Begin XCConfigurationList section */
		D1A877722DD549470041E5B3 /* Build configuration list for PBXProject "SmartShopLists" */ = {
			isa = XCConfigurationList;
			buildConfigurations = (
				D1A877902DD549480041E5B3 /* Debug */,
				D1A877912DD549480041E5B3 /* Release */,
			);
			defaultConfigurationIsVisible = 0;
			defaultConfigurationName = Release;
		};
		D1A8778D2DD549480041E5B3 /* Build configuration list for PBXNativeTarget "SmartShopLists" */ = {
			isa = XCConfigurationList;
			buildConfigurations = (
				D1A8778E2DD549480041E5B3 /* Debug */,
				D1A8778F2DD549480041E5B3 /* Release */,
			);
			defaultConfigurationIsVisible = 0;
			defaultConfigurationName = Release;
		};
/* End XCConfigurationList section */

/* Begin XCRemoteSwiftPackageReference section */
		D1A877A42DD54A560041E5B3 /* XCRemoteSwiftPackageReference "firebase-ios-sdk" */ = {
			isa = XCRemoteSwiftPackageReference;
			repositoryURL = "https://github.com/firebase/firebase-ios-sdk.git";
			requirement = {
				kind = upToNextMajorVersion;
				minimumVersion = 11.12.0;
			};
		};
		D1A877A92DD54A6C0041E5B3 /* XCRemoteSwiftPackageReference "Charts" */ = {
			isa = XCRemoteSwiftPackageReference;
			repositoryURL = "https://github.com/danielgindi/Charts.git";
			requirement = {
				kind = upToNextMajorVersion;
				minimumVersion = 5.1.0;
			};
		};
/* End XCRemoteSwiftPackageReference section */

/* Begin XCSwiftPackageProductDependency section */
		D1A877A52DD54A560041E5B3 /* FirebaseAuth */ = {
			isa = XCSwiftPackageProductDependency;
			package = D1A877A42DD54A560041E5B3 /* XCRemoteSwiftPackageReference "firebase-ios-sdk" */;
			productName = FirebaseAuth;
		};
		D1A877A72DD54A560041E5B3 /* FirebaseFirestore */ = {
			isa = XCSwiftPackageProductDependency;
			package = D1A877A42DD54A560041E5B3 /* XCRemoteSwiftPackageReference "firebase-ios-sdk" */;
			productName = FirebaseFirestore;
		};
		D1A877AA2DD54A6C0041E5B3 /* DGCharts */ = {
			isa = XCSwiftPackageProductDependency;
			package = D1A877A92DD54A6C0041E5B3 /* XCRemoteSwiftPackageReference "Charts" */;
			productName = DGCharts;
		};
/* End XCSwiftPackageProductDependency section */
	};
	rootObject = D1A8776F2DD549470041E5B3 /* Project object */;
}
